
Microsoft Visual Studio Solution File, Format Version 12.00
# Visual Studio Version 16
VisualStudioVersion = 16.0.29709.97
MinimumVisualStudioVersion = 10.0.40219.1
Project("{FAE04EC0-301F-11D3-BF4B-00C04F79EFBC}") = "Parcial 1 Scripting Aplicacion de consola", "Parcial 1 Scripting Aplicacion de consola\Parcial 1 Scripting Aplicacion de consola.csproj", "{7CE1C536-A068-47DA-8AE3-47A451DD0CBD}"
EndProject
Global
	GlobalSection(SolutionConfigurationPlatforms) = preSolution
		Debug|Any CPU = Debug|Any CPU
		Release|Any CPU = Release|Any CPU
	EndGlobalSection
	GlobalSection(ProjectConfigurationPlatforms) = postSolution
		{7CE1C536-A068-47DA-8AE3-47A451DD0CBD}.Debug|Any CPU.ActiveCfg = Debug|Any CPU
		{7CE1C536-A068-47DA-8AE3-47A451DD0CBD}.Debug|Any CPU.Build.0 = Debug|Any CPU
		{7CE1C536-A068-47DA-8AE3-47A451DD0CBD}.Release|Any CPU.ActiveCfg = Release|Any CPU
		{7CE1C536-A068-47DA-8AE3-47A451DD0CBD}.Release|Any CPU.Build.0 = Release|Any CPU
	EndGlobalSection
	GlobalSection(SolutionProperties) = preSolution
		HideSolutionNode = FALSE
	EndGlobalSection
	GlobalSection(ExtensibilityGlobals) = postSolution
		SolutionGuid = {25DBECCB-D38D-4EEC-A8E3-8AACBE97968C}
	EndGlobalSection
EndGlobal
